
Microsoft Visual Studio Solution File, Format Version 12.00
# Visual Studio Version 17
VisualStudioVersion = 17.3.32825.248
MinimumVisualStudioVersion = 10.0.40219.1
Project("{FAE04EC0-301F-11D3-BF4B-00C04F79EFBC}") = "PR1_4", "PR1_4.csproj", "{A573561B-66D5-45B5-B5D5-978F912130BD}"
EndProject
Global
	GlobalSection(SolutionConfigurationPlatforms) = preSolution
		Debug|Any CPU = Debug|Any CPU
		Release|Any CPU = Release|Any CPU
	EndGlobalSection
	GlobalSection(ProjectConfigurationPlatforms) = postSolution
		{A573561B-66D5-45B5-B5D5-978F912130BD}.Debug|Any CPU.ActiveCfg = Debug|Any CPU
		{A573561B-66D5-45B5-B5D5-978F912130BD}.Debug|Any CPU.Build.0 = Debug|Any CPU
		{A573561B-66D5-45B5-B5D5-978F912130BD}.Release|Any CPU.ActiveCfg = Release|Any CPU
		{A573561B-66D5-45B5-B5D5-978F912130BD}.Release|Any CPU.Build.0 = Release|Any CPU
	EndGlobalSection
	GlobalSection(SolutionProperties) = preSolution
		HideSolutionNode = FALSE
	EndGlobalSection
	GlobalSection(ExtensibilityGlobals) = postSolution
		SolutionGuid = {C5E18AA8-7CE6-4E07-B8A4-D64C18B86ABC}
	EndGlobalSection
EndGlobal
